
Microsoft Visual Studio Solution File, Format Version 12.00
# Visual Studio Version 16
VisualStudioVersion = 16.0.32602.291
MinimumVisualStudioVersion = 10.0.40219.1
Project("{FAE04EC0-301F-11D3-BF4B-00C04F79EFBC}") = "Business Application", "Business Application.csproj", "{6666FCFC-4C07-4CAC-8A7A-559253E5B6AA}"
EndProject
Global
	GlobalSection(SolutionConfigurationPlatforms) = preSolution
		Debug|Any CPU = Debug|Any CPU
		Release|Any CPU = Release|Any CPU
	EndGlobalSection
	GlobalSection(ProjectConfigurationPlatforms) = postSolution
		{6666FCFC-4C07-4CAC-8A7A-559253E5B6AA}.Debug|Any CPU.ActiveCfg = Debug|Any CPU
		{6666FCFC-4C07-4CAC-8A7A-559253E5B6AA}.Debug|Any CPU.Build.0 = Debug|Any CPU
		{6666FCFC-4C07-4CAC-8A7A-559253E5B6AA}.Release|Any CPU.ActiveCfg = Release|Any CPU
		{6666FCFC-4C07-4CAC-8A7A-559253E5B6AA}.Release|Any CPU.Build.0 = Release|Any CPU
	EndGlobalSection
	GlobalSection(SolutionProperties) = preSolution
		HideSolutionNode = FALSE
	EndGlobalSection
	GlobalSection(ExtensibilityGlobals) = postSolution
		SolutionGuid = {D13A8695-5FA4-4D3A-BF65-644C0571B992}
	EndGlobalSection
EndGlobal
